
Microsoft Visual Studio Solution File, Format Version 12.00
# Visual Studio 15
VisualStudioVersion = 15.0.28307.1622
MinimumVisualStudioVersion = 10.0.40219.1
Project("{FAE04EC0-301F-11D3-BF4B-00C04F79EFBC}") = "Win32", "GetSysParams\Win32.csproj", "{FDE2AC87-A451-4843-905F-2FCAD91BB293}"
EndProject
Global
	GlobalSection(SolutionConfigurationPlatforms) = preSolution
		Debug|Any CPU = Debug|Any CPU
		Release|Any CPU = Release|Any CPU
	EndGlobalSection
	GlobalSection(ProjectConfigurationPlatforms) = postSolution
		{FDE2AC87-A451-4843-905F-2FCAD91BB293}.Debug|Any CPU.ActiveCfg = Debug|Any CPU
		{FDE2AC87-A451-4843-905F-2FCAD91BB293}.Debug|Any CPU.Build.0 = Debug|Any CPU
		{FDE2AC87-A451-4843-905F-2FCAD91BB293}.Release|Any CPU.ActiveCfg = Release|Any CPU
		{FDE2AC87-A451-4843-905F-2FCAD91BB293}.Release|Any CPU.Build.0 = Release|Any CPU
	EndGlobalSection
	GlobalSection(SolutionProperties) = preSolution
		HideSolutionNode = FALSE
	EndGlobalSection
	GlobalSection(ExtensibilityGlobals) = postSolution
		SolutionGuid = {160266FF-1A23-4342-AC0F-42D82CE07B68}
	EndGlobalSection
EndGlobal
